// !$*UTF8*$!
{
	archiveVersion = 1;
	classes = {
	};
	objectVersion = 46;
	objects = {

/* Begin PBXBuildFile section */
		6D25C798241EA97A71EA40EF /* Pods_Park_dFirebasePodsTests.framework in Frameworks */ = {isa = PBXBuildFile; fileRef = 3A5A8DB457EAF51554DDE176 /* Pods_Park_dFirebasePodsTests.framework */; };
		885A09EE4698EBD0F570D5BD /* Pods_Park_dFirebasePodsUITests.framework in Frameworks */ = {isa = PBXBuildFile; fileRef = 0D9C407A4542BA284F003678 /* Pods_Park_dFirebasePodsUITests.framework */; };
		D62D31F2BED23330136FB700 /* Pods_Park_dFirebasePods.framework in Frameworks */ = {isa = PBXBuildFile; fileRef = E9FB2771643F19662E29262D /* Pods_Park_dFirebasePods.framework */; };
		ECD281501E992CB200283BA6 /* AppDelegate.swift in Sources */ = {isa = PBXBuildFile; fileRef = ECD2814F1E992CB200283BA6 /* AppDelegate.swift */; };
		ECD281551E992CB200283BA6 /* Main.storyboard in Resources */ = {isa = PBXBuildFile; fileRef = ECD281531E992CB200283BA6 /* Main.storyboard */; };
		ECD281571E992CB200283BA6 /* Assets.xcassets in Resources */ = {isa = PBXBuildFile; fileRef = ECD281561E992CB200283BA6 /* Assets.xcassets */; };
		ECD2815A1E992CB200283BA6 /* LaunchScreen.storyboard in Resources */ = {isa = PBXBuildFile; fileRef = ECD281581E992CB200283BA6 /* LaunchScreen.storyboard */; };
		ECD281651E992CB200283BA6 /* Park_dFirebasePodsTests.swift in Sources */ = {isa = PBXBuildFile; fileRef = ECD281641E992CB200283BA6 /* Park_dFirebasePodsTests.swift */; };
		ECD281701E992CB200283BA6 /* Park_dFirebasePodsUITests.swift in Sources */ = {isa = PBXBuildFile; fileRef = ECD2816F1E992CB200283BA6 /* Park_dFirebasePodsUITests.swift */; };
		ECD281811E99334B00283BA6 /* SignInVC.swift in Sources */ = {isa = PBXBuildFile; fileRef = ECD281801E99334B00283BA6 /* SignInVC.swift */; };
		ECD281831E9939AE00283BA6 /* GoogleService-Info.plist in Resources */ = {isa = PBXBuildFile; fileRef = ECD281821E9939AE00283BA6 /* GoogleService-Info.plist */; };
		ECD281861E994A2500283BA6 /* AuthProvider.swift in Sources */ = {isa = PBXBuildFile; fileRef = ECD281851E994A2500283BA6 /* AuthProvider.swift */; };
		ECD281881E99682100283BA6 /* DriverVC.swift in Sources */ = {isa = PBXBuildFile; fileRef = ECD281871E99682100283BA6 /* DriverVC.swift */; };
/* End PBXBuildFile section */

/* Begin PBXContainerItemProxy section */
		ECD281611E992CB200283BA6 /* PBXContainerItemProxy */ = {
			isa = PBXContainerItemProxy;
			containerPortal = ECD281441E992CB100283BA6 /* Project object */;
			proxyType = 1;
			remoteGlobalIDString = ECD2814B1E992CB200283BA6;
			remoteInfo = "Park-dFirebasePods";
		};
		ECD2816C1E992CB200283BA6 /* PBXContainerItemProxy */ = {
			isa = PBXContainerItemProxy;
			containerPortal = ECD281441E992CB100283BA6 /* Project object */;
			proxyType = 1;
			remoteGlobalIDString = ECD2814B1E992CB200283BA6;
			remoteInfo = "Park-dFirebasePods";
		};
/* End PBXContainerItemProxy section */

/* Begin PBXFileReference section */
		0283C3E0AEB8CA3B960E1C47 /* Pods-Park-dFirebasePodsTests.debug.xcconfig */ = {isa = PBXFileReference; includeInIndex = 1; lastKnownFileType = text.xcconfig; name = "Pods-Park-dFirebasePodsTests.debug.xcconfig"; path = "Pods/Target Support Files/Pods-Park-dFirebasePodsTests/Pods-Park-dFirebasePodsTests.debug.xcconfig"; sourceTree = "<group>"; };
		0404E5EDE8651C118CCF2976 /* Pods-Park-dFirebasePods.release.xcconfig */ = {isa = PBXFileReference; includeInIndex = 1; lastKnownFileType = text.xcconfig; name = "Pods-Park-dFirebasePods.release.xcconfig"; path = "Pods/Target Support Files/Pods-Park-dFirebasePods/Pods-Park-dFirebasePods.release.xcconfig"; sourceTree = "<group>"; };
		0D9C407A4542BA284F003678 /* Pods_Park_dFirebasePodsUITests.framework */ = {isa = PBXFileReference; explicitFileType = wrapper.framework; includeInIndex = 0; path = Pods_Park_dFirebasePodsUITests.framework; sourceTree = BUILT_PRODUCTS_DIR; };
		3A5A8DB457EAF51554DDE176 /* Pods_Park_dFirebasePodsTests.framework */ = {isa = PBXFileReference; explicitFileType = wrapper.framework; includeInIndex = 0; path = Pods_Park_dFirebasePodsTests.framework; sourceTree = BUILT_PRODUCTS_DIR; };
		40454FBDA10B2D7C1BC907AD /* Pods-Park-dFirebasePodsUITests.release.xcconfig */ = {isa = PBXFileReference; includeInIndex = 1; lastKnownFileType = text.xcconfig; name = "Pods-Park-dFirebasePodsUITests.release.xcconfig"; path = "Pods/Target Support Files/Pods-Park-dFirebasePodsUITests/Pods-Park-dFirebasePodsUITests.release.xcconfig"; sourceTree = "<group>"; };
		89DAA90BFA4F89551B3E4A8F /* Pods-Park-dFirebasePodsTests.release.xcconfig */ = {isa = PBXFileReference; includeInIndex = 1; lastKnownFileType = text.xcconfig; name = "Pods-Park-dFirebasePodsTests.release.xcconfig"; path = "Pods/Target Support Files/Pods-Park-dFirebasePodsTests/Pods-Park-dFirebasePodsTests.release.xcconfig"; sourceTree = "<group>"; };
		945568F9CB6A4A7914219978 /* Pods-Park-dFirebasePodsUITests.debug.xcconfig */ = {isa = PBXFileReference; includeInIndex = 1; lastKnownFileType = text.xcconfig; name = "Pods-Park-dFirebasePodsUITests.debug.xcconfig"; path = "Pods/Target Support Files/Pods-Park-dFirebasePodsUITests/Pods-Park-dFirebasePodsUITests.debug.xcconfig"; sourceTree = "<group>"; };
		A4A7E3FAF149582C404A1BD1 /* Pods-Park-dFirebasePods.debug.xcconfig */ = {isa = PBXFileReference; includeInIndex = 1; lastKnownFileType = text.xcconfig; name = "Pods-Park-dFirebasePods.debug.xcconfig"; path = "Pods/Target Support Files/Pods-Park-dFirebasePods/Pods-Park-dFirebasePods.debug.xcconfig"; sourceTree = "<group>"; };
		E9FB2771643F19662E29262D /* Pods_Park_dFirebasePods.framework */ = {isa = PBXFileReference; explicitFileType = wrapper.framework; includeInIndex = 0; path = Pods_Park_dFirebasePods.framework; sourceTree = BUILT_PRODUCTS_DIR; };
		ECD2814C1E992CB200283BA6 /* Park-dFirebasePods.app */ = {isa = PBXFileReference; explicitFileType = wrapper.application; includeInIndex = 0; path = "Park-dFirebasePods.app"; sourceTree = BUILT_PRODUCTS_DIR; };
		ECD2814F1E992CB200283BA6 /* AppDelegate.swift */ = {isa = PBXFileReference; lastKnownFileType = sourcecode.swift; path = AppDelegate.swift; sourceTree = "<group>"; };
		ECD281541E992CB200283BA6 /* Base */ = {isa = PBXFileReference; lastKnownFileType = file.storyboard; name = Base; path = Base.lproj/Main.storyboard; sourceTree = "<group>"; };
		ECD281561E992CB200283BA6 /* Assets.xcassets */ = {isa = PBXFileReference; lastKnownFileType = folder.assetcatalog; path = Assets.xcassets; sourceTree = "<group>"; };
		ECD281591E992CB200283BA6 /* Base */ = {isa = PBXFileReference; lastKnownFileType = file.storyboard; name = Base; path = Base.lproj/LaunchScreen.storyboard; sourceTree = "<group>"; };
		ECD2815B1E992CB200283BA6 /* Info.plist */ = {isa = PBXFileReference; lastKnownFileType = text.plist.xml; path = Info.plist; sourceTree = "<group>"; };
		ECD281601E992CB200283BA6 /* Park-dFirebasePodsTests.xctest */ = {isa = PBXFileReference; explicitFileType = wrapper.cfbundle; includeInIndex = 0; path = "Park-dFirebasePodsTests.xctest"; sourceTree = BUILT_PRODUCTS_DIR; };
		ECD281641E992CB200283BA6 /* Park_dFirebasePodsTests.swift */ = {isa = PBXFileReference; lastKnownFileType = sourcecode.swift; path = Park_dFirebasePodsTests.swift; sourceTree = "<group>"; };
		ECD281661E992CB200283BA6 /* Info.plist */ = {isa = PBXFileReference; lastKnownFileType = text.plist.xml; path = Info.plist; sourceTree = "<group>"; };
		ECD2816B1E992CB200283BA6 /* Park-dFirebasePodsUITests.xctest */ = {isa = PBXFileReference; explicitFileType = wrapper.cfbundle; includeInIndex = 0; path = "Park-dFirebasePodsUITests.xctest"; sourceTree = BUILT_PRODUCTS_DIR; };
		ECD2816F1E992CB200283BA6 /* Park_dFirebasePodsUITests.swift */ = {isa = PBXFileReference; lastKnownFileType = sourcecode.swift; path = Park_dFirebasePodsUITests.swift; sourceTree = "<group>"; };
		ECD281711E992CB200283BA6 /* Info.plist */ = {isa = PBXFileReference; lastKnownFileType = text.plist.xml; path = Info.plist; sourceTree = "<group>"; };
		ECD281801E99334B00283BA6 /* SignInVC.swift */ = {isa = PBXFileReference; fileEncoding = 4; lastKnownFileType = sourcecode.swift; path = SignInVC.swift; sourceTree = "<group>"; };
		ECD281821E9939AE00283BA6 /* GoogleService-Info.plist */ = {isa = PBXFileReference; fileEncoding = 4; lastKnownFileType = text.plist.xml; path = "GoogleService-Info.plist"; sourceTree = "<group>"; };
		ECD281851E994A2500283BA6 /* AuthProvider.swift */ = {isa = PBXFileReference; fileEncoding = 4; lastKnownFileType = sourcecode.swift; path = AuthProvider.swift; sourceTree = "<group>"; };
		ECD281871E99682100283BA6 /* DriverVC.swift */ = {isa = PBXFileReference; fileEncoding = 4; lastKnownFileType = sourcecode.swift; path = DriverVC.swift; sourceTree = "<group>"; };
/* End PBXFileReference section */

/* Begin PBXFrameworksBuildPhase section */
		ECD281491E992CB200283BA6 /* Frameworks */ = {
			isa = PBXFrameworksBuildPhase;
			buildActionMask = 2147483647;
			files = (
				D62D31F2BED23330136FB700 /* Pods_Park_dFirebasePods.framework in Frameworks */,
			);
			runOnlyForDeploymentPostprocessing = 0;
		};
		ECD2815D1E992CB200283BA6 /* Frameworks */ = {
			isa = PBXFrameworksBuildPhase;
			buildActionMask = 2147483647;
			files = (
				6D25C798241EA97A71EA40EF /* Pods_Park_dFirebasePodsTests.framework in Frameworks */,
			);
			runOnlyForDeploymentPostprocessing = 0;
		};
		ECD281681E992CB200283BA6 /* Frameworks */ = {
			isa = PBXFrameworksBuildPhase;
			buildActionMask = 2147483647;
			files = (
				885A09EE4698EBD0F570D5BD /* Pods_Park_dFirebasePodsUITests.framework in Frameworks */,
			);
			runOnlyForDeploymentPostprocessing = 0;
		};
/* End PBXFrameworksBuildPhase section */

/* Begin PBXGroup section */
		7795560BC154F15B1F9D6025 /* Frameworks */ = {
			isa = PBXGroup;
			children = (
				E9FB2771643F19662E29262D /* Pods_Park_dFirebasePods.framework */,
				3A5A8DB457EAF51554DDE176 /* Pods_Park_dFirebasePodsTests.framework */,
				0D9C407A4542BA284F003678 /* Pods_Park_dFirebasePodsUITests.framework */,
			);
			name = Frameworks;
			sourceTree = "<group>";
		};
		A1E3A738670FA3FB5A521143 /* Pods */ = {
			isa = PBXGroup;
			children = (
				A4A7E3FAF149582C404A1BD1 /* Pods-Park-dFirebasePods.debug.xcconfig */,
				0404E5EDE8651C118CCF2976 /* Pods-Park-dFirebasePods.release.xcconfig */,
				0283C3E0AEB8CA3B960E1C47 /* Pods-Park-dFirebasePodsTests.debug.xcconfig */,
				89DAA90BFA4F89551B3E4A8F /* Pods-Park-dFirebasePodsTests.release.xcconfig */,
				945568F9CB6A4A7914219978 /* Pods-Park-dFirebasePodsUITests.debug.xcconfig */,
				40454FBDA10B2D7C1BC907AD /* Pods-Park-dFirebasePodsUITests.release.xcconfig */,
			);
			name = Pods;
			sourceTree = "<group>";
		};
		ECD281431E992CB100283BA6 = {
			isa = PBXGroup;
			children = (
				ECD2814E1E992CB200283BA6 /* Park-dFirebasePods */,
				ECD281631E992CB200283BA6 /* Park-dFirebasePodsTests */,
				ECD2816E1E992CB200283BA6 /* Park-dFirebasePodsUITests */,
				ECD2814D1E992CB200283BA6 /* Products */,
				7795560BC154F15B1F9D6025 /* Frameworks */,
				A1E3A738670FA3FB5A521143 /* Pods */,
			);
			sourceTree = "<group>";
		};
		ECD2814D1E992CB200283BA6 /* Products */ = {
			isa = PBXGroup;
			children = (
				ECD2814C1E992CB200283BA6 /* Park-dFirebasePods.app */,
				ECD281601E992CB200283BA6 /* Park-dFirebasePodsTests.xctest */,
				ECD2816B1E992CB200283BA6 /* Park-dFirebasePodsUITests.xctest */,
			);
			name = Products;
			sourceTree = "<group>";
		};
		ECD2814E1E992CB200283BA6 /* Park-dFirebasePods */ = {
			isa = PBXGroup;
			children = (
				ECD281841E994A0300283BA6 /* plugins */,
				ECD2817F1E9932D900283BA6 /* Controller */,
				ECD2817E1E9932D300283BA6 /* View */,
				ECD2817D1E9932BD00283BA6 /* Model */,
				ECD2814F1E992CB200283BA6 /* AppDelegate.swift */,
				ECD281531E992CB200283BA6 /* Main.storyboard */,
				ECD281561E992CB200283BA6 /* Assets.xcassets */,
				ECD281581E992CB200283BA6 /* LaunchScreen.storyboard */,
				ECD2815B1E992CB200283BA6 /* Info.plist */,
				ECD281821E9939AE00283BA6 /* GoogleService-Info.plist */,
			);
			path = "Park-dFirebasePods";
			sourceTree = "<group>";
		};
		ECD281631E992CB200283BA6 /* Park-dFirebasePodsTests */ = {
			isa = PBXGroup;
			children = (
				ECD281641E992CB200283BA6 /* Park_dFirebasePodsTests.swift */,
				ECD281661E992CB200283BA6 /* Info.plist */,
			);
			path = "Park-dFirebasePodsTests";
			sourceTree = "<group>";
		};
		ECD2816E1E992CB200283BA6 /* Park-dFirebasePodsUITests */ = {
			isa = PBXGroup;
			children = (
				ECD2816F1E992CB200283BA6 /* Park_dFirebasePodsUITests.swift */,
				ECD281711E992CB200283BA6 /* Info.plist */,
			);
			path = "Park-dFirebasePodsUITests";
			sourceTree = "<group>";
		};
		ECD2817D1E9932BD00283BA6 /* Model */ = {
			isa = PBXGroup;
			children = (
			);
			name = Model;
			sourceTree = "<group>";
		};
		ECD2817E1E9932D300283BA6 /* View */ = {
			isa = PBXGroup;
			children = (
			);
			name = View;
			sourceTree = "<group>";
		};
		ECD2817F1E9932D900283BA6 /* Controller */ = {
			isa = PBXGroup;
			children = (
				ECD281801E99334B00283BA6 /* SignInVC.swift */,
				ECD281871E99682100283BA6 /* DriverVC.swift */,
			);
			name = Controller;
			sourceTree = "<group>";
		};
		ECD281841E994A0300283BA6 /* plugins */ = {
			isa = PBXGroup;
			children = (
				ECD281851E994A2500283BA6 /* AuthProvider.swift */,
			);
			name = plugins;
			sourceTree = "<group>";
		};
/* End PBXGroup section */

/* Begin PBXNativeTarget section */
		ECD2814B1E992CB200283BA6 /* Park-dFirebasePods */ = {
			isa = PBXNativeTarget;
			buildConfigurationList = ECD281741E992CB200283BA6 /* Build configuration list for PBXNativeTarget "Park-dFirebasePods" */;
			buildPhases = (
				AB8C48A5D56D434D38F52AE4 /* [CP] Check Pods Manifest.lock */,
				ECD281481E992CB200283BA6 /* Sources */,
				ECD281491E992CB200283BA6 /* Frameworks */,
				ECD2814A1E992CB200283BA6 /* Resources */,
				04E4698A85345FBD7FFEA679 /* [CP] Embed Pods Frameworks */,
				20BD1E201D74C692B586BDF9 /* [CP] Copy Pods Resources */,
			);
			buildRules = (
			);
			dependencies = (
			);
			name = "Park-dFirebasePods";
			productName = "Park-dFirebasePods";
			productReference = ECD2814C1E992CB200283BA6 /* Park-dFirebasePods.app */;
			productType = "com.apple.product-type.application";
		};
		ECD2815F1E992CB200283BA6 /* Park-dFirebasePodsTests */ = {
			isa = PBXNativeTarget;
			buildConfigurationList = ECD281771E992CB200283BA6 /* Build configuration list for PBXNativeTarget "Park-dFirebasePodsTests" */;
			buildPhases = (
				3CA626B6193644F1B6555536 /* [CP] Check Pods Manifest.lock */,
				ECD2815C1E992CB200283BA6 /* Sources */,
				ECD2815D1E992CB200283BA6 /* Frameworks */,
				ECD2815E1E992CB200283BA6 /* Resources */,
				3C199085334D8E83EC8E7AD9 /* [CP] Embed Pods Frameworks */,
				1AD0CB8FFB650646FB71E57A /* [CP] Copy Pods Resources */,
			);
			buildRules = (
			);
			dependencies = (
				ECD281621E992CB200283BA6 /* PBXTargetDependency */,
			);
			name = "Park-dFirebasePodsTests";
			productName = "Park-dFirebasePodsTests";
			productReference = ECD281601E992CB200283BA6 /* Park-dFirebasePodsTests.xctest */;
			productType = "com.apple.product-type.bundle.unit-test";
		};
		ECD2816A1E992CB200283BA6 /* Park-dFirebasePodsUITests */ = {
			isa = PBXNativeTarget;
			buildConfigurationList = ECD2817A1E992CB200283BA6 /* Build configuration list for PBXNativeTarget "Park-dFirebasePodsUITests" */;
			buildPhases = (
				4F59D087FF17EB437AAB0093 /* [CP] Check Pods Manifest.lock */,
				ECD281671E992CB200283BA6 /* Sources */,
				ECD281681E992CB200283BA6 /* Frameworks */,
				ECD281691E992CB200283BA6 /* Resources */,
				D92A2EB3FC1A903B3147183C /* [CP] Embed Pods Frameworks */,
				9D2A7ABB7FA944EE6FA58F0F /* [CP] Copy Pods Resources */,
			);
			buildRules = (
			);
			dependencies = (
				ECD2816D1E992CB200283BA6 /* PBXTargetDependency */,
			);
			name = "Park-dFirebasePodsUITests";
			productName = "Park-dFirebasePodsUITests";
			productReference = ECD2816B1E992CB200283BA6 /* Park-dFirebasePodsUITests.xctest */;
			productType = "com.apple.product-type.bundle.ui-testing";
		};
/* End PBXNativeTarget section */

/* Begin PBXProject section */
		ECD281441E992CB100283BA6 /* Project object */ = {
			isa = PBXProject;
			attributes = {
				LastSwiftUpdateCheck = 0820;
				LastUpgradeCheck = 0820;
				ORGANIZATIONNAME = "Sophia Pignatelli";
				TargetAttributes = {
					ECD2814B1E992CB200283BA6 = {
						CreatedOnToolsVersion = 8.2.1;
						ProvisioningStyle = Automatic;
					};
					ECD2815F1E992CB200283BA6 = {
						CreatedOnToolsVersion = 8.2.1;
						ProvisioningStyle = Automatic;
						TestTargetID = ECD2814B1E992CB200283BA6;
					};
					ECD2816A1E992CB200283BA6 = {
						CreatedOnToolsVersion = 8.2.1;
						ProvisioningStyle = Automatic;
						TestTargetID = ECD2814B1E992CB200283BA6;
					};
				};
			};
			buildConfigurationList = ECD281471E992CB100283BA6 /* Build configuration list for PBXProject "Park-dFirebasePods" */;
			compatibilityVersion = "Xcode 3.2";
			developmentRegion = English;
			hasScannedForEncodings = 0;
			knownRegions = (
				en,
				Base,
			);
			mainGroup = ECD281431E992CB100283BA6;
			productRefGroup = ECD2814D1E992CB200283BA6 /* Products */;
			projectDirPath = "";
			projectRoot = "";
			targets = (
				ECD2814B1E992CB200283BA6 /* Park-dFirebasePods */,
				ECD2815F1E992CB200283BA6 /* Park-dFirebasePodsTests */,
				ECD2816A1E992CB200283BA6 /* Park-dFirebasePodsUITests */,
			);
		};
/* End PBXProject section */

/* Begin PBXResourcesBuildPhase section */
		ECD2814A1E992CB200283BA6 /* Resources */ = {
			isa = PBXResourcesBuildPhase;
			buildActionMask = 2147483647;
			files = (
				ECD2815A1E992CB200283BA6 /* LaunchScreen.storyboard in Resources */,
				ECD281831E9939AE00283BA6 /* GoogleService-Info.plist in Resources */,
				ECD281571E992CB200283BA6 /* Assets.xcassets in Resources */,
				ECD281551E992CB200283BA6 /* Main.storyboard in Resources */,
			);
			runOnlyForDeploymentPostprocessing = 0;
		};
		ECD2815E1E992CB200283BA6 /* Resources */ = {
			isa = PBXResourcesBuildPhase;
			buildActionMask = 2147483647;
			files = (
			);
			runOnlyForDeploymentPostprocessing = 0;
		};
		ECD281691E992CB200283BA6 /* Resources */ = {
			isa = PBXResourcesBuildPhase;
			buildActionMask = 2147483647;
			files = (
			);
			runOnlyForDeploymentPostprocessing = 0;
		};
/* End PBXResourcesBuildPhase section */

/* Begin PBXShellScriptBuildPhase section */
		04E4698A85345FBD7FFEA679 /* [CP] Embed Pods Frameworks */ = {
			isa = PBXShellScriptBuildPhase;
			buildActionMask = 2147483647;
			files = (
			);
			inputPaths = (
			);
			name = "[CP] Embed Pods Frameworks";
			outputPaths = (
			);
			runOnlyForDeploymentPostprocessing = 0;
			shellPath = /bin/sh;
			shellScript = "\"${SRCROOT}/Pods/Target Support Files/Pods-Park-dFirebasePods/Pods-Park-dFirebasePods-frameworks.sh\"\n";
			showEnvVarsInLog = 0;
		};
		1AD0CB8FFB650646FB71E57A /* [CP] Copy Pods Resources */ = {
			isa = PBXShellScriptBuildPhase;
			buildActionMask = 2147483647;
			files = (
			);
			inputPaths = (
			);
			name = "[CP] Copy Pods Resources";
			outputPaths = (
			);
			runOnlyForDeploymentPostprocessing = 0;
			shellPath = /bin/sh;
			shellScript = "\"${SRCROOT}/Pods/Target Support Files/Pods-Park-dFirebasePodsTests/Pods-Park-dFirebasePodsTests-resources.sh\"\n";
			showEnvVarsInLog = 0;
		};
		20BD1E201D74C692B586BDF9 /* [CP] Copy Pods Resources */ = {
			isa = PBXShellScriptBuildPhase;
			buildActionMask = 2147483647;
			files = (
			);
			inputPaths = (
			);
			name = "[CP] Copy Pods Resources";
			outputPaths = (
			);
			runOnlyForDeploymentPostprocessing = 0;
			shellPath = /bin/sh;
			shellScript = "\"${SRCROOT}/Pods/Target Support Files/Pods-Park-dFirebasePods/Pods-Park-dFirebasePods-resources.sh\"\n";
			showEnvVarsInLog = 0;
		};
		3C199085334D8E83EC8E7AD9 /* [CP] Embed Pods Frameworks */ = {
			isa = PBXShellScriptBuildPhase;
			buildActionMask = 2147483647;
			files = (
			);
			inputPaths = (
			);
			name = "[CP] Embed Pods Frameworks";
			outputPaths = (
			);
			runOnlyForDeploymentPostprocessing = 0;
			shellPath = /bin/sh;
			shellScript = "\"${SRCROOT}/Pods/Target Support Files/Pods-Park-dFirebasePodsTests/Pods-Park-dFirebasePodsTests-frameworks.sh\"\n";
			showEnvVarsInLog = 0;
		};
		3CA626B6193644F1B6555536 /* [CP] Check Pods Manifest.lock */ = {
			isa = PBXShellScriptBuildPhase;
			buildActionMask = 2147483647;
			files = (
			);
			inputPaths = (
			);
			name = "[CP] Check Pods Manifest.lock";
			outputPaths = (
			);
			runOnlyForDeploymentPostprocessing = 0;
			shellPath = /bin/sh;
			shellScript = "diff \"${PODS_PODFILE_DIR_PATH}/Podfile.lock\" \"${PODS_ROOT}/Manifest.lock\" > /dev/null\nif [ $? != 0 ] ; then\n    # print error to STDERR\n    echo \"error: The sandbox is not in sync with the Podfile.lock. Run 'pod install' or update your CocoaPods installation.\" >&2\n    exit 1\nfi\n";
			showEnvVarsInLog = 0;
		};
		4F59D087FF17EB437AAB0093 /* [CP] Check Pods Manifest.lock */ = {
			isa = PBXShellScriptBuildPhase;
			buildActionMask = 2147483647;
			files = (
			);
			inputPaths = (
			);
			name = "[CP] Check Pods Manifest.lock";
			outputPaths = (
			);
			runOnlyForDeploymentPostprocessing = 0;
			shellPath = /bin/sh;
			shellScript = "diff \"${PODS_PODFILE_DIR_PATH}/Podfile.lock\" \"${PODS_ROOT}/Manifest.lock\" > /dev/null\nif [ $? != 0 ] ; then\n    # print error to STDERR\n    echo \"error: The sandbox is not in sync with the Podfile.lock. Run 'pod install' or update your CocoaPods installation.\" >&2\n    exit 1\nfi\n";
			showEnvVarsInLog = 0;
		};
		9D2A7ABB7FA944EE6FA58F0F /* [CP] Copy Pods Resources */ = {
			isa = PBXShellScriptBuildPhase;
			buildActionMask = 2147483647;
			files = (
			);
			inputPaths = (
			);
			name = "[CP] Copy Pods Resources";
			outputPaths = (
			);
			runOnlyForDeploymentPostprocessing = 0;
			shellPath = /bin/sh;
			shellScript = "\"${SRCROOT}/Pods/Target Support Files/Pods-Park-dFirebasePodsUITests/Pods-Park-dFirebasePodsUITests-resources.sh\"\n";
			showEnvVarsInLog = 0;
		};
		AB8C48A5D56D434D38F52AE4 /* [CP] Check Pods Manifest.lock */ = {
			isa = PBXShellScriptBuildPhase;
			buildActionMask = 2147483647;
			files = (
			);
			inputPaths = (
			);
			name = "[CP] Check Pods Manifest.lock";
			outputPaths = (
			);
			runOnlyForDeploymentPostprocessing = 0;
			shellPath = /bin/sh;
			shellScript = "diff \"${PODS_PODFILE_DIR_PATH}/Podfile.lock\" \"${PODS_ROOT}/Manifest.lock\" > /dev/null\nif [ $? != 0 ] ; then\n    # print error to STDERR\n    echo \"error: The sandbox is not in sync with the Podfile.lock. Run 'pod install' or update your CocoaPods installation.\" >&2\n    exit 1\nfi\n";
			showEnvVarsInLog = 0;
		};
		D92A2EB3FC1A903B3147183C /* [CP] Embed Pods Frameworks */ = {
			isa = PBXShellScriptBuildPhase;
			buildActionMask = 2147483647;
			files = (
			);
			inputPaths = (
			);
			name = "[CP] Embed Pods Frameworks";
			outputPaths = (
			);
			runOnlyForDeploymentPostprocessing = 0;
			shellPath = /bin/sh;
			shellScript = "\"${SRCROOT}/Pods/Target Support Files/Pods-Park-dFirebasePodsUITests/Pods-Park-dFirebasePodsUITests-frameworks.sh\"\n";
			showEnvVarsInLog = 0;
		};
/* End PBXShellScriptBuildPhase section */

/* Begin PBXSourcesBuildPhase section */
		ECD281481E992CB200283BA6 /* Sources */ = {
			isa = PBXSourcesBuildPhase;
			buildActionMask = 2147483647;
			files = (
				ECD281861E994A2500283BA6 /* AuthProvider.swift in Sources */,
				ECD281811E99334B00283BA6 /* SignInVC.swift in Sources */,
				ECD281881E99682100283BA6 /* DriverVC.swift in Sources */,
				ECD281501E992CB200283BA6 /* AppDelegate.swift in Sources */,
			);
			runOnlyForDeploymentPostprocessing = 0;
		};
		ECD2815C1E992CB200283BA6 /* Sources */ = {
			isa = PBXSourcesBuildPhase;
			buildActionMask = 2147483647;
			files = (
				ECD281651E992CB200283BA6 /* Park_dFirebasePodsTests.swift in Sources */,
			);
			runOnlyForDeploymentPostprocessing = 0;
		};
		ECD281671E992CB200283BA6 /* Sources */ = {
			isa = PBXSourcesBuildPhase;
			buildActionMask = 2147483647;
			files = (
				ECD281701E992CB200283BA6 /* Park_dFirebasePodsUITests.swift in Sources */,
			);
			runOnlyForDeploymentPostprocessing = 0;
		};
/* End PBXSourcesBuildPhase section */

/* Begin PBXTargetDependency section */
		ECD281621E992CB200283BA6 /* PBXTargetDependency */ = {
			isa = PBXTargetDependency;
			target = ECD2814B1E992CB200283BA6 /* Park-dFirebasePods */;
			targetProxy = ECD281611E992CB200283BA6 /* PBXContainerItemProxy */;
		};
		ECD2816D1E992CB200283BA6 /* PBXTargetDependency */ = {
			isa = PBXTargetDependency;
			target = ECD2814B1E992CB200283BA6 /* Park-dFirebasePods */;
			targetProxy = ECD2816C1E992CB200283BA6 /* PBXContainerItemProxy */;
		};
/* End PBXTargetDependency section */

/* Begin PBXVariantGroup section */
		ECD281531E992CB200283BA6 /* Main.storyboard */ = {
			isa = PBXVariantGroup;
			children = (
				ECD281541E992CB200283BA6 /* Base */,
			);
			name = Main.storyboard;
			sourceTree = "<group>";
		};
		ECD281581E992CB200283BA6 /* LaunchScreen.storyboard */ = {
			isa = PBXVariantGroup;
			children = (
				ECD281591E992CB200283BA6 /* Base */,
			);
			name = LaunchScreen.storyboard;
			sourceTree = "<group>";
		};
/* End PBXVariantGroup section */

/* Begin XCBuildConfiguration section */
		ECD281721E992CB200283BA6 /* Debug */ = {
			isa = XCBuildConfiguration;
			buildSettings = {
				ALWAYS_SEARCH_USER_PATHS = NO;
				CLANG_ANALYZER_NONNULL = YES;
				CLANG_CXX_LANGUAGE_STANDARD = "gnu++0x";
				CLANG_CXX_LIBRARY = "libc++";
				CLANG_ENABLE_MODULES = YES;
				CLANG_ENABLE_OBJC_ARC = YES;
				CLANG_WARN_BOOL_CONVERSION = YES;
				CLANG_WARN_CONSTANT_CONVERSION = YES;
				CLANG_WARN_DIRECT_OBJC_ISA_USAGE = YES_ERROR;
				CLANG_WARN_DOCUMENTATION_COMMENTS = YES;
				CLANG_WARN_EMPTY_BODY = YES;
				CLANG_WARN_ENUM_CONVERSION = YES;
				CLANG_WARN_INFINITE_RECURSION = YES;
				CLANG_WARN_INT_CONVERSION = YES;
				CLANG_WARN_OBJC_ROOT_CLASS = YES_ERROR;
				CLANG_WARN_SUSPICIOUS_MOVE = YES;
				CLANG_WARN_UNREACHABLE_CODE = YES;
				CLANG_WARN__DUPLICATE_METHOD_MATCH = YES;
				"CODE_SIGN_IDENTITY[sdk=iphoneos*]" = "iPhone Developer";
				COPY_PHASE_STRIP = NO;
				DEBUG_INFORMATION_FORMAT = dwarf;
				ENABLE_STRICT_OBJC_MSGSEND = YES;
				ENABLE_TESTABILITY = YES;
				GCC_C_LANGUAGE_STANDARD = gnu99;
				GCC_DYNAMIC_NO_PIC = NO;
				GCC_NO_COMMON_BLOCKS = YES;
				GCC_OPTIMIZATION_LEVEL = 0;
				GCC_PREPROCESSOR_DEFINITIONS = (
					"DEBUG=1",
					"$(inherited)",
				);
				GCC_WARN_64_TO_32_BIT_CONVERSION = YES;
				GCC_WARN_ABOUT_RETURN_TYPE = YES_ERROR;
				GCC_WARN_UNDECLARED_SELECTOR = YES;
				GCC_WARN_UNINITIALIZED_AUTOS = YES_AGGRESSIVE;
				GCC_WARN_UNUSED_FUNCTION = YES;
				GCC_WARN_UNUSED_VARIABLE = YES;
				IPHONEOS_DEPLOYMENT_TARGET = 10.2;
				MTL_ENABLE_DEBUG_INFO = YES;
				ONLY_ACTIVE_ARCH = YES;
				SDKROOT = iphoneos;
				SWIFT_ACTIVE_COMPILATION_CONDITIONS = DEBUG;
				SWIFT_OPTIMIZATION_LEVEL = "-Onone";
				TARGETED_DEVICE_FAMILY = "1,2";
			};
			name = Debug;
		};
		ECD281731E992CB200283BA6 /* Release */ = {
			isa = XCBuildConfiguration;
			buildSettings = {
				ALWAYS_SEARCH_USER_PATHS = NO;
				CLANG_ANALYZER_NONNULL = YES;
				CLANG_CXX_LANGUAGE_STANDARD = "gnu++0x";
				CLANG_CXX_LIBRARY = "libc++";
				CLANG_ENABLE_MODULES = YES;
				CLANG_ENABLE_OBJC_ARC = YES;
				CLANG_WARN_BOOL_CONVERSION = YES;
				CLANG_WARN_CONSTANT_CONVERSION = YES;
				CLANG_WARN_DIRECT_OBJC_ISA_USAGE = YES_ERROR;
				CLANG_WARN_DOCUMENTATION_COMMENTS = YES;
				CLANG_WARN_EMPTY_BODY = YES;
				CLANG_WARN_ENUM_CONVERSION = YES;
				CLANG_WARN_INFINITE_RECURSION = YES;
				CLANG_WARN_INT_CONVERSION = YES;
				CLANG_WARN_OBJC_ROOT_CLASS = YES_ERROR;
				CLANG_WARN_SUSPICIOUS_MOVE = YES;
				CLANG_WARN_UNREACHABLE_CODE = YES;
				CLANG_WARN__DUPLICATE_METHOD_MATCH = YES;
				"CODE_SIGN_IDENTITY[sdk=iphoneos*]" = "iPhone Developer";
				COPY_PHASE_STRIP = NO;
				DEBUG_INFORMATION_FORMAT = "dwarf-with-dsym";
				ENABLE_NS_ASSERTIONS = NO;
				ENABLE_STRICT_OBJC_MSGSEND = YES;
				GCC_C_LANGUAGE_STANDARD = gnu99;
				GCC_NO_COMMON_BLOCKS = YES;
				GCC_WARN_64_TO_32_BIT_CONVERSION = YES;
				GCC_WARN_ABOUT_RETURN_TYPE = YES_ERROR;
				GCC_WARN_UNDECLARED_SELECTOR = YES;
				GCC_WARN_UNINITIALIZED_AUTOS = YES_AGGRESSIVE;
				GCC_WARN_UNUSED_FUNCTION = YES;
				GCC_WARN_UNUSED_VARIABLE = YES;
				IPHONEOS_DEPLOYMENT_TARGET = 10.2;
				MTL_ENABLE_DEBUG_INFO = NO;
				SDKROOT = iphoneos;
				SWIFT_OPTIMIZATION_LEVEL = "-Owholemodule";
				TARGETED_DEVICE_FAMILY = "1,2";
				VALIDATE_PRODUCT = YES;
			};
			name = Release;
		};
		ECD281751E992CB200283BA6 /* Debug */ = {
			isa = XCBuildConfiguration;
			baseConfigurationReference = A4A7E3FAF149582C404A1BD1 /* Pods-Park-dFirebasePods.debug.xcconfig */;
			buildSettings = {
				ASSETCATALOG_COMPILER_APPICON_NAME = AppIcon;
				INFOPLIST_FILE = "Park-dFirebasePods/Info.plist";
				LD_RUNPATH_SEARCH_PATHS = "$(inherited) @executable_path/Frameworks";
				PRODUCT_BUNDLE_IDENTIFIER = "com.Sophia.Park-dFirebasePods";
				PRODUCT_NAME = "$(TARGET_NAME)";
				SWIFT_VERSION = 3.0;
			};
			name = Debug;
		};
		ECD281761E992CB200283BA6 /* Release */ = {
			isa = XCBuildConfiguration;
			baseConfigurationReference = 0404E5EDE8651C118CCF2976 /* Pods-Park-dFirebasePods.release.xcconfig */;
			buildSettings = {
				ASSETCATALOG_COMPILER_APPICON_NAME = AppIcon;
				INFOPLIST_FILE = "Park-dFirebasePods/Info.plist";
				LD_RUNPATH_SEARCH_PATHS = "$(inherited) @executable_path/Frameworks";
				PRODUCT_BUNDLE_IDENTIFIER = "com.Sophia.Park-dFirebasePods";
				PRODUCT_NAME = "$(TARGET_NAME)";
				SWIFT_VERSION = 3.0;
			};
			name = Release;
		};
		ECD281781E992CB200283BA6 /* Debug */ = {
			isa = XCBuildConfiguration;
			baseConfigurationReference = 0283C3E0AEB8CA3B960E1C47 /* Pods-Park-dFirebasePodsTests.debug.xcconfig */;
			buildSettings = {
				ALWAYS_EMBED_SWIFT_STANDARD_LIBRARIES = YES;
				BUNDLE_LOADER = "$(TEST_HOST)";
				INFOPLIST_FILE = "Park-dFirebasePodsTests/Info.plist";
				LD_RUNPATH_SEARCH_PATHS = "$(inherited) @executable_path/Frameworks @loader_path/Frameworks";
				PRODUCT_BUNDLE_IDENTIFIER = "com.Sophia.Park-dFirebasePodsTests";
				PRODUCT_NAME = "$(TARGET_NAME)";
				SWIFT_VERSION = 3.0;
				TEST_HOST = "$(BUILT_PRODUCTS_DIR)/Park-dFirebasePods.app/Park-dFirebasePods";
			};
			name = Debug;
		};
		ECD281791E992CB200283BA6 /* Release */ = {
			isa = XCBuildConfiguration;
			baseConfigurationReference = 89DAA90BFA4F89551B3E4A8F /* Pods-Park-dFirebasePodsTests.release.xcconfig */;
			buildSettings = {
				ALWAYS_EMBED_SWIFT_STANDARD_LIBRARIES = YES;
				BUNDLE_LOADER = "$(TEST_HOST)";
				INFOPLIST_FILE = "Park-dFirebasePodsTests/Info.plist";
				LD_RUNPATH_SEARCH_PATHS = "$(inherited) @executable_path/Frameworks @loader_path/Frameworks";
				PRODUCT_BUNDLE_IDENTIFIER = "com.Sophia.Park-dFirebasePodsTests";
				PRODUCT_NAME = "$(TARGET_NAME)";
				SWIFT_VERSION = 3.0;
				TEST_HOST = "$(BUILT_PRODUCTS_DIR)/Park-dFirebasePods.app/Park-dFirebasePods";
			};
			name = Release;
		};
		ECD2817B1E992CB200283BA6 /* Debug */ = {
			isa = XCBuildConfiguration;
			baseConfigurationReference = 945568F9CB6A4A7914219978 /* Pods-Park-dFirebasePodsUITests.debug.xcconfig */;
			buildSettings = {
				ALWAYS_EMBED_SWIFT_STANDARD_LIBRARIES = YES;
				INFOPLIST_FILE = "Park-dFirebasePodsUITests/Info.plist";
				LD_RUNPATH_SEARCH_PATHS = "$(inherited) @executable_path/Frameworks @loader_path/Frameworks";
				PRODUCT_BUNDLE_IDENTIFIER = "com.Sophia.Park-dFirebasePodsUITests";
				PRODUCT_NAME = "$(TARGET_NAME)";
				SWIFT_VERSION = 3.0;
				TEST_TARGET_NAME = "Park-dFirebasePods";
			};
			name = Debug;
		};
		ECD2817C1E992CB200283BA6 /* Release */ = {
			isa = XCBuildConfiguration;
			baseConfigurationReference = 40454FBDA10B2D7C1BC907AD /* Pods-Park-dFirebasePodsUITests.release.xcconfig */;
			buildSettings = {
				ALWAYS_EMBED_SWIFT_STANDARD_LIBRARIES = YES;
				INFOPLIST_FILE = "Park-dFirebasePodsUITests/Info.plist";
				LD_RUNPATH_SEARCH_PATHS = "$(inherited) @executable_path/Frameworks @loader_path/Frameworks";
				PRODUCT_BUNDLE_IDENTIFIER = "com.Sophia.Park-dFirebasePodsUITests";
				PRODUCT_NAME = "$(TARGET_NAME)";
				SWIFT_VERSION = 3.0;
				TEST_TARGET_NAME = "Park-dFirebasePods";
			};
			name = Release;
		};
/* End XCBuildConfiguration section */

/* Begin XCConfigurationList section */
		ECD281471E992CB100283BA6 /* Build configuration list for PBXProject "Park-dFirebasePods" */ = {
			isa = XCConfigurationList;
			buildConfigurations = (
				ECD281721E992CB200283BA6 /* Debug */,
				ECD281731E992CB200283BA6 /* Release */,
			);
			defaultConfigurationIsVisible = 0;
			defaultConfigurationName = Release;
		};
		ECD281741E992CB200283BA6 /* Build configuration list for PBXNativeTarget "Park-dFirebasePods" */ = {
			isa = XCConfigurationList;
			buildConfigurations = (
				ECD281751E992CB200283BA6 /* Debug */,
				ECD281761E992CB200283BA6 /* Release */,
			);
			defaultConfigurationIsVisible = 0;
			defaultConfigurationName = Release;
		};
		ECD281771E992CB200283BA6 /* Build configuration list for PBXNativeTarget "Park-dFirebasePodsTests" */ = {
			isa = XCConfigurationList;
			buildConfigurations = (
				ECD281781E992CB200283BA6 /* Debug */,
				ECD281791E992CB200283BA6 /* Release */,
			);
			defaultConfigurationIsVisible = 0;
			defaultConfigurationName = Release;
		};
		ECD2817A1E992CB200283BA6 /* Build configuration list for PBXNativeTarget "Park-dFirebasePodsUITests" */ = {
			isa = XCConfigurationList;
			buildConfigurations = (
				ECD2817B1E992CB200283BA6 /* Debug */,
				ECD2817C1E992CB200283BA6 /* Release */,
			);
			defaultConfigurationIsVisible = 0;
			defaultConfigurationName = Release;
		};
/* End XCConfigurationList section */
	};
	rootObject = ECD281441E992CB100283BA6 /* Project object */;
}
